
Microsoft Visual Studio Solution File, Format Version 12.00
# Visual Studio 2013
VisualStudioVersion = 12.0.21005.1
MinimumVisualStudioVersion = 10.0.40219.1
Project("{FAE04EC0-301F-11D3-BF4B-00C04F79EFBC}") = "ML", "ML\ML.csproj", "{EA82AFD8-00CF-4893-92F3-FAA53E711849}"
EndProject
Project("{FAE04EC0-301F-11D3-BF4B-00C04F79EFBC}") = "DL", "DL\DL.csproj", "{6F4BF67C-988F-4C64-B090-4E83C7F106D0}"
EndProject
Project("{FAE04EC0-301F-11D3-BF4B-00C04F79EFBC}") = "BL", "BL\BL.csproj", "{F8B98E87-9523-434D-80CE-366B3E9FC4AA}"
EndProject
Project("{FAE04EC0-301F-11D3-BF4B-00C04F79EFBC}") = "PL", "PL\PL.csproj", "{6EDFB112-920B-4FBD-8EED-FDB8C2319BC6}"
EndProject
Project("{FAE04EC0-301F-11D3-BF4B-00C04F79EFBC}") = "SL_WCF", "SL_WCF\SL_WCF.csproj", "{50536331-512C-45AF-929A-473C55A7F1C6}"
EndProject
Global
	GlobalSection(SolutionConfigurationPlatforms) = preSolution
		Debug|Any CPU = Debug|Any CPU
		Release|Any CPU = Release|Any CPU
	EndGlobalSection
	GlobalSection(ProjectConfigurationPlatforms) = postSolution
		{EA82AFD8-00CF-4893-92F3-FAA53E711849}.Debug|Any CPU.ActiveCfg = Debug|Any CPU
		{EA82AFD8-00CF-4893-92F3-FAA53E711849}.Debug|Any CPU.Build.0 = Debug|Any CPU
		{EA82AFD8-00CF-4893-92F3-FAA53E711849}.Release|Any CPU.ActiveCfg = Release|Any CPU
		{EA82AFD8-00CF-4893-92F3-FAA53E711849}.Release|Any CPU.Build.0 = Release|Any CPU
		{6F4BF67C-988F-4C64-B090-4E83C7F106D0}.Debug|Any CPU.ActiveCfg = Debug|Any CPU
		{6F4BF67C-988F-4C64-B090-4E83C7F106D0}.Debug|Any CPU.Build.0 = Debug|Any CPU
		{6F4BF67C-988F-4C64-B090-4E83C7F106D0}.Release|Any CPU.ActiveCfg = Release|Any CPU
		{6F4BF67C-988F-4C64-B090-4E83C7F106D0}.Release|Any CPU.Build.0 = Release|Any CPU
		{F8B98E87-9523-434D-80CE-366B3E9FC4AA}.Debug|Any CPU.ActiveCfg = Debug|Any CPU
		{F8B98E87-9523-434D-80CE-366B3E9FC4AA}.Debug|Any CPU.Build.0 = Debug|Any CPU
		{F8B98E87-9523-434D-80CE-366B3E9FC4AA}.Release|Any CPU.ActiveCfg = Release|Any CPU
		{F8B98E87-9523-434D-80CE-366B3E9FC4AA}.Release|Any CPU.Build.0 = Release|Any CPU
		{6EDFB112-920B-4FBD-8EED-FDB8C2319BC6}.Debug|Any CPU.ActiveCfg = Debug|Any CPU
		{6EDFB112-920B-4FBD-8EED-FDB8C2319BC6}.Debug|Any CPU.Build.0 = Debug|Any CPU
		{6EDFB112-920B-4FBD-8EED-FDB8C2319BC6}.Release|Any CPU.ActiveCfg = Release|Any CPU
		{6EDFB112-920B-4FBD-8EED-FDB8C2319BC6}.Release|Any CPU.Build.0 = Release|Any CPU
		{50536331-512C-45AF-929A-473C55A7F1C6}.Debug|Any CPU.ActiveCfg = Debug|Any CPU
		{50536331-512C-45AF-929A-473C55A7F1C6}.Debug|Any CPU.Build.0 = Debug|Any CPU
		{50536331-512C-45AF-929A-473C55A7F1C6}.Release|Any CPU.ActiveCfg = Release|Any CPU
		{50536331-512C-45AF-929A-473C55A7F1C6}.Release|Any CPU.Build.0 = Release|Any CPU
	EndGlobalSection
	GlobalSection(SolutionProperties) = preSolution
		HideSolutionNode = FALSE
	EndGlobalSection
EndGlobal
